
Microsoft Visual Studio Solution File, Format Version 12.00
# Visual Studio Version 17
VisualStudioVersion = 17.14.36811.4
MinimumVisualStudioVersion = 10.0.40219.1
Project("{2150E333-8FDC-42A3-9474-1A3956D46DE8}") = "Services", "Services", "{02EA681E-C7D8-13C7-8484-4AC65E1B71E8}"
EndProject
Project("{2150E333-8FDC-42A3-9474-1A3956D46DE8}") = "Catalog", "Catalog", "{03728EB1-5096-4478-8716-2F5B86584E97}"
EndProject
Project("{FAE04EC0-301F-11D3-BF4B-00C04F79EFBC}") = "Catalog.API", "Services\Catalog\Catalog.API\Catalog.API.csproj", "{D951379C-9E52-4159-821A-E4762F9869D7}"
EndProject
Project("{2150E333-8FDC-42A3-9474-1A3956D46DE8}") = "BuildingBlocks", "BuildingBlocks", "{0D7ED705-F5F8-4ABC-9988-C82854E56A26}"
EndProject
Project("{FAE04EC0-301F-11D3-BF4B-00C04F79EFBC}") = "BuildingBlocks", "BuildingBlocks\BuildingBlocks\BuildingBlocks.csproj", "{3A6DA647-CD01-4A35-A346-48070FC08B85}"
EndProject
Global
	GlobalSection(SolutionConfigurationPlatforms) = preSolution
		Debug|Any CPU = Debug|Any CPU
		Release|Any CPU = Release|Any CPU
	EndGlobalSection
	GlobalSection(ProjectConfigurationPlatforms) = postSolution
		{D951379C-9E52-4159-821A-E4762F9869D7}.Debug|Any CPU.ActiveCfg = Debug|Any CPU
		{D951379C-9E52-4159-821A-E4762F9869D7}.Debug|Any CPU.Build.0 = Debug|Any CPU
		{D951379C-9E52-4159-821A-E4762F9869D7}.Release|Any CPU.ActiveCfg = Release|Any CPU
		{D951379C-9E52-4159-821A-E4762F9869D7}.Release|Any CPU.Build.0 = Release|Any CPU
		{3A6DA647-CD01-4A35-A346-48070FC08B85}.Debug|Any CPU.ActiveCfg = Debug|Any CPU
		{3A6DA647-CD01-4A35-A346-48070FC08B85}.Debug|Any CPU.Build.0 = Debug|Any CPU
		{3A6DA647-CD01-4A35-A346-48070FC08B85}.Release|Any CPU.ActiveCfg = Release|Any CPU
		{3A6DA647-CD01-4A35-A346-48070FC08B85}.Release|Any CPU.Build.0 = Release|Any CPU
	EndGlobalSection
	GlobalSection(SolutionProperties) = preSolution
		HideSolutionNode = FALSE
	EndGlobalSection
	GlobalSection(NestedProjects) = preSolution
		{03728EB1-5096-4478-8716-2F5B86584E97} = {02EA681E-C7D8-13C7-8484-4AC65E1B71E8}
		{D951379C-9E52-4159-821A-E4762F9869D7} = {03728EB1-5096-4478-8716-2F5B86584E97}
		{3A6DA647-CD01-4A35-A346-48070FC08B85} = {0D7ED705-F5F8-4ABC-9988-C82854E56A26}
	EndGlobalSection
	GlobalSection(ExtensibilityGlobals) = postSolution
		SolutionGuid = {B5B45606-26CF-4FD7-8AD2-682B68C5651D}
	EndGlobalSection
EndGlobal
